
Microsoft Visual Studio Solution File, Format Version 12.00
# Visual Studio 15
VisualStudioVersion = 15.0.28010.2048
MinimumVisualStudioVersion = 10.0.40219.1
Project("{FAE04EC0-301F-11D3-BF4B-00C04F79EFBC}") = "Battleship", "Battleship\Battleship.csproj", "{4D0801A2-7370-4A35-A527-058C79AFF3C9}"
EndProject
Project("{FAE04EC0-301F-11D3-BF4B-00C04F79EFBC}") = "Test", "Test\Test.csproj", "{D9EAA9E9-232A-4076-82E1-3743BE2E06FD}"
EndProject
Global
	GlobalSection(SolutionConfigurationPlatforms) = preSolution
		Debug|Any CPU = Debug|Any CPU
		Release|Any CPU = Release|Any CPU
	EndGlobalSection
	GlobalSection(ProjectConfigurationPlatforms) = postSolution
		{4D0801A2-7370-4A35-A527-058C79AFF3C9}.Debug|Any CPU.ActiveCfg = Debug|Any CPU
		{4D0801A2-7370-4A35-A527-058C79AFF3C9}.Debug|Any CPU.Build.0 = Debug|Any CPU
		{4D0801A2-7370-4A35-A527-058C79AFF3C9}.Release|Any CPU.ActiveCfg = Release|Any CPU
		{4D0801A2-7370-4A35-A527-058C79AFF3C9}.Release|Any CPU.Build.0 = Release|Any CPU
		{D9EAA9E9-232A-4076-82E1-3743BE2E06FD}.Debug|Any CPU.ActiveCfg = Debug|Any CPU
		{D9EAA9E9-232A-4076-82E1-3743BE2E06FD}.Debug|Any CPU.Build.0 = Debug|Any CPU
		{D9EAA9E9-232A-4076-82E1-3743BE2E06FD}.Release|Any CPU.ActiveCfg = Release|Any CPU
		{D9EAA9E9-232A-4076-82E1-3743BE2E06FD}.Release|Any CPU.Build.0 = Release|Any CPU
	EndGlobalSection
	GlobalSection(SolutionProperties) = preSolution
		HideSolutionNode = FALSE
	EndGlobalSection
	GlobalSection(ExtensibilityGlobals) = postSolution
		SolutionGuid = {B8F0B78E-992F-4A45-B03B-E4DC75EBE0CA}
	EndGlobalSection
EndGlobal
